
Microsoft Visual Studio Solution File, Format Version 12.00
# Visual Studio Version 16
VisualStudioVersion = 16.0.34301.259
MinimumVisualStudioVersion = 10.0.40219.1
Project("{FAE04EC0-301F-11D3-BF4B-00C04F79EFBC}") = "WindowsFormsApp1", "WindowsFormsApp1\WindowsFormsApp1.csproj", "{1195194C-6447-4A5C-9C38-D0998F95F998}"
EndProject
Global
	GlobalSection(SolutionConfigurationPlatforms) = preSolution
		Debug|Any CPU = Debug|Any CPU
		Release|Any CPU = Release|Any CPU
	EndGlobalSection
	GlobalSection(ProjectConfigurationPlatforms) = postSolution
		{1195194C-6447-4A5C-9C38-D0998F95F998}.Debug|Any CPU.ActiveCfg = Debug|Any CPU
		{1195194C-6447-4A5C-9C38-D0998F95F998}.Debug|Any CPU.Build.0 = Debug|Any CPU
		{1195194C-6447-4A5C-9C38-D0998F95F998}.Release|Any CPU.ActiveCfg = Release|Any CPU
		{1195194C-6447-4A5C-9C38-D0998F95F998}.Release|Any CPU.Build.0 = Release|Any CPU
	EndGlobalSection
	GlobalSection(SolutionProperties) = preSolution
		HideSolutionNode = FALSE
	EndGlobalSection
	GlobalSection(ExtensibilityGlobals) = postSolution
		SolutionGuid = {E37C30CD-95FA-4036-A4ED-914031667979}
	EndGlobalSection
EndGlobal
